
Microsoft Visual Studio Solution File, Format Version 12.00
# Visual Studio 14
VisualStudioVersion = 14.0.25420.1
MinimumVisualStudioVersion = 10.0.40219.1
Project("{FAE04EC0-301F-11D3-BF4B-00C04F79EFBC}") = "WebApplication1", "WebApplication1\WebApplication1.csproj", "{42A7D30C-0D16-4BBC-9768-A0749DCEA467}"
EndProject
Project("{FAE04EC0-301F-11D3-BF4B-00C04F79EFBC}") = "WebApplication1.Tests", "WebApplication1.Tests\WebApplication1.Tests.csproj", "{EA17955A-EABB-4DD1-834B-504A82D42476}"
EndProject
Project("{2150E333-8FDC-42A3-9474-1A3956D46DE8}") = "BLL", "BLL", "{F136CB68-CD99-4506-AAC5-C48FC49A7EBA}"
EndProject
Project("{2150E333-8FDC-42A3-9474-1A3956D46DE8}") = "DAL", "DAL", "{6FA6BD7E-3471-4F5E-B3D0-32DF016E2F61}"
EndProject
Project("{2150E333-8FDC-42A3-9474-1A3956D46DE8}") = "IBLL", "IBLL", "{C169C79D-5CC9-4473-8032-3DF53A957DBB}"
EndProject
Project("{2150E333-8FDC-42A3-9474-1A3956D46DE8}") = "IDAL", "IDAL", "{E6DC708C-A535-4452-98CD-0618BE8B4E82}"
EndProject
Project("{2150E333-8FDC-42A3-9474-1A3956D46DE8}") = "Models", "Models", "{E48F5F64-B593-4FCF-903F-93DEAC5C0E75}"
EndProject
Project("{FAE04EC0-301F-11D3-BF4B-00C04F79EFBC}") = "Model", "Model\Model.csproj", "{BCFE9F70-D3D4-4677-8E00-D009803A94C2}"
EndProject
Project("{FAE04EC0-301F-11D3-BF4B-00C04F79EFBC}") = "IDAL", "IDAL\IDAL.csproj", "{BA02D9A6-76DC-4B50-BA96-AA7EEED610AF}"
EndProject
Project("{FAE04EC0-301F-11D3-BF4B-00C04F79EFBC}") = "IBLL", "IBLL\IBLL.csproj", "{02B9CD53-143F-4016-953B-415BDB3496B6}"
EndProject
Project("{FAE04EC0-301F-11D3-BF4B-00C04F79EFBC}") = "DAL", "DAL\DAL.csproj", "{C06AF41E-6155-4CD9-991F-F687BDFC7028}"
EndProject
Project("{FAE04EC0-301F-11D3-BF4B-00C04F79EFBC}") = "BLL", "BLL\BLL.csproj", "{F2FFCFBE-106B-4FA6-8F33-8FD8279F9D66}"
EndProject
Global
	GlobalSection(SolutionConfigurationPlatforms) = preSolution
		Debug|Any CPU = Debug|Any CPU
		Release|Any CPU = Release|Any CPU
	EndGlobalSection
	GlobalSection(ProjectConfigurationPlatforms) = postSolution
		{42A7D30C-0D16-4BBC-9768-A0749DCEA467}.Debug|Any CPU.ActiveCfg = Debug|Any CPU
		{42A7D30C-0D16-4BBC-9768-A0749DCEA467}.Debug|Any CPU.Build.0 = Debug|Any CPU
		{42A7D30C-0D16-4BBC-9768-A0749DCEA467}.Release|Any CPU.ActiveCfg = Release|Any CPU
		{42A7D30C-0D16-4BBC-9768-A0749DCEA467}.Release|Any CPU.Build.0 = Release|Any CPU
		{EA17955A-EABB-4DD1-834B-504A82D42476}.Debug|Any CPU.ActiveCfg = Debug|Any CPU
		{EA17955A-EABB-4DD1-834B-504A82D42476}.Debug|Any CPU.Build.0 = Debug|Any CPU
		{EA17955A-EABB-4DD1-834B-504A82D42476}.Release|Any CPU.ActiveCfg = Release|Any CPU
		{EA17955A-EABB-4DD1-834B-504A82D42476}.Release|Any CPU.Build.0 = Release|Any CPU
		{BCFE9F70-D3D4-4677-8E00-D009803A94C2}.Debug|Any CPU.ActiveCfg = Debug|Any CPU
		{BCFE9F70-D3D4-4677-8E00-D009803A94C2}.Debug|Any CPU.Build.0 = Debug|Any CPU
		{BCFE9F70-D3D4-4677-8E00-D009803A94C2}.Release|Any CPU.ActiveCfg = Release|Any CPU
		{BCFE9F70-D3D4-4677-8E00-D009803A94C2}.Release|Any CPU.Build.0 = Release|Any CPU
		{BA02D9A6-76DC-4B50-BA96-AA7EEED610AF}.Debug|Any CPU.ActiveCfg = Debug|Any CPU
		{BA02D9A6-76DC-4B50-BA96-AA7EEED610AF}.Debug|Any CPU.Build.0 = Debug|Any CPU
		{BA02D9A6-76DC-4B50-BA96-AA7EEED610AF}.Release|Any CPU.ActiveCfg = Release|Any CPU
		{BA02D9A6-76DC-4B50-BA96-AA7EEED610AF}.Release|Any CPU.Build.0 = Release|Any CPU
		{02B9CD53-143F-4016-953B-415BDB3496B6}.Debug|Any CPU.ActiveCfg = Debug|Any CPU
		{02B9CD53-143F-4016-953B-415BDB3496B6}.Debug|Any CPU.Build.0 = Debug|Any CPU
		{02B9CD53-143F-4016-953B-415BDB3496B6}.Release|Any CPU.ActiveCfg = Release|Any CPU
		{02B9CD53-143F-4016-953B-415BDB3496B6}.Release|Any CPU.Build.0 = Release|Any CPU
		{C06AF41E-6155-4CD9-991F-F687BDFC7028}.Debug|Any CPU.ActiveCfg = Debug|Any CPU
		{C06AF41E-6155-4CD9-991F-F687BDFC7028}.Debug|Any CPU.Build.0 = Debug|Any CPU
		{C06AF41E-6155-4CD9-991F-F687BDFC7028}.Release|Any CPU.ActiveCfg = Release|Any CPU
		{C06AF41E-6155-4CD9-991F-F687BDFC7028}.Release|Any CPU.Build.0 = Release|Any CPU
		{F2FFCFBE-106B-4FA6-8F33-8FD8279F9D66}.Debug|Any CPU.ActiveCfg = Debug|Any CPU
		{F2FFCFBE-106B-4FA6-8F33-8FD8279F9D66}.Debug|Any CPU.Build.0 = Debug|Any CPU
		{F2FFCFBE-106B-4FA6-8F33-8FD8279F9D66}.Release|Any CPU.ActiveCfg = Release|Any CPU
		{F2FFCFBE-106B-4FA6-8F33-8FD8279F9D66}.Release|Any CPU.Build.0 = Release|Any CPU
	EndGlobalSection
	GlobalSection(SolutionProperties) = preSolution
		HideSolutionNode = FALSE
	EndGlobalSection
	GlobalSection(NestedProjects) = preSolution
		{BCFE9F70-D3D4-4677-8E00-D009803A94C2} = {E48F5F64-B593-4FCF-903F-93DEAC5C0E75}
		{BA02D9A6-76DC-4B50-BA96-AA7EEED610AF} = {E6DC708C-A535-4452-98CD-0618BE8B4E82}
		{02B9CD53-143F-4016-953B-415BDB3496B6} = {C169C79D-5CC9-4473-8032-3DF53A957DBB}
		{C06AF41E-6155-4CD9-991F-F687BDFC7028} = {6FA6BD7E-3471-4F5E-B3D0-32DF016E2F61}
		{F2FFCFBE-106B-4FA6-8F33-8FD8279F9D66} = {F136CB68-CD99-4506-AAC5-C48FC49A7EBA}
	EndGlobalSection
EndGlobal
